
Microsoft Visual Studio Solution File, Format Version 12.00
# Visual Studio 15
VisualStudioVersion = 15.0.28307.271
MinimumVisualStudioVersion = 10.0.40219.1
Project("{FAE04EC0-301F-11D3-BF4B-00C04F79EFBC}") = "panelAdmina", "panelAdmina\panelAdmina.csproj", "{3B907335-4F9E-482D-9D93-34284C9C11A2}"
EndProject
Global
	GlobalSection(SolutionConfigurationPlatforms) = preSolution
		Debug|Any CPU = Debug|Any CPU
		Release|Any CPU = Release|Any CPU
	EndGlobalSection
	GlobalSection(ProjectConfigurationPlatforms) = postSolution
		{3B907335-4F9E-482D-9D93-34284C9C11A2}.Debug|Any CPU.ActiveCfg = Debug|Any CPU
		{3B907335-4F9E-482D-9D93-34284C9C11A2}.Debug|Any CPU.Build.0 = Debug|Any CPU
		{3B907335-4F9E-482D-9D93-34284C9C11A2}.Release|Any CPU.ActiveCfg = Release|Any CPU
		{3B907335-4F9E-482D-9D93-34284C9C11A2}.Release|Any CPU.Build.0 = Release|Any CPU
	EndGlobalSection
	GlobalSection(SolutionProperties) = preSolution
		HideSolutionNode = FALSE
	EndGlobalSection
	GlobalSection(ExtensibilityGlobals) = postSolution
		SolutionGuid = {4B9A8345-C1A2-4A57-97B5-F1D8D8FAD00F}
	EndGlobalSection
EndGlobal
